
Microsoft Visual Studio Solution File, Format Version 12.00
# Visual Studio Version 17
VisualStudioVersion = 17.0.31903.59
MinimumVisualStudioVersion = 10.0.40219.1
Project("{2150E333-8FDC-42A3-9474-1A3956D46DE8}") = "DMS.Core", "DMS.Core", "{1C95B109-849C-4205-9678-ACEB1D8D6FD9}"
EndProject
Project("{9A19103F-16F7-4668-BE54-9A1E7A4F7556}") = "DMS.Autofac", "DMS.Core\DMS.Autofac\DMS.Autofac.csproj", "{9FDB5232-1FF6-44CE-8D35-2E180093BFE7}"
EndProject
Project("{9A19103F-16F7-4668-BE54-9A1E7A4F7556}") = "DMS.Exceptionless", "DMS.Core\DMS.Exceptionless\DMS.Exceptionless.csproj", "{082130E4-911F-4E9F-923B-87F442D1526A}"
EndProject
Project("{9A19103F-16F7-4668-BE54-9A1E7A4F7556}") = "DMS.Ocelot", "DMS.Core\DMS.Ocelot\DMS.Ocelot.csproj", "{8C31637D-53E6-473A-93DE-052101575C14}"
EndProject
Project("{9A19103F-16F7-4668-BE54-9A1E7A4F7556}") = "DMS.Redis", "DMS.Core\DMS.Redis\DMS.Redis.csproj", "{3496C05C-0955-4DA7-9003-CBFD6A138C6C}"
EndProject
Project("{9A19103F-16F7-4668-BE54-9A1E7A4F7556}") = "DMS.Log4net", "DMS.Core\DMS.Log4net\DMS.Log4net.csproj", "{0ED0DB3A-E1BF-4F00-867C-76A6402FC524}"
EndProject
Project("{9A19103F-16F7-4668-BE54-9A1E7A4F7556}") = "DMS.NLogs", "DMS.Core\DMS.NLogs\DMS.NLogs.csproj", "{4E949F3E-6F2A-42B2-8756-6525B934864D}"
EndProject
Project("{9A19103F-16F7-4668-BE54-9A1E7A4F7556}") = "DMS.Consul", "DMS.Core\DMS.Consul\DMS.Consul.csproj", "{59C8A897-8F87-4E97-881E-22AEA3613DF1}"
EndProject
Project("{2150E333-8FDC-42A3-9474-1A3956D46DE8}") = "Samples", "Samples", "{B54C7719-4391-47C8-835B-8B7EBB87C13E}"
EndProject
Project("{9A19103F-16F7-4668-BE54-9A1E7A4F7556}") = "DMS.Swagger", "DMS.Core\DMS.Swagger\DMS.Swagger.csproj", "{71D326C1-A7E4-4A68-96E3-9061CAE7F862}"
EndProject
Project("{9A19103F-16F7-4668-BE54-9A1E7A4F7556}") = "DMS.UniqueGenerator", "DMS.Core\DMS.UniqueGenerator\DMS.UniqueGenerator.csproj", "{AD23CBD0-F56A-432F-937A-6AC3D41B9B32}"
EndProject
Project("{9A19103F-16F7-4668-BE54-9A1E7A4F7556}") = "DMS.Extensions", "DMS.Core\DMS.Extensions\DMS.Extensions.csproj", "{1A33DA4A-4624-4534-BAFE-D8B8894B73F1}"
EndProject
Project("{9A19103F-16F7-4668-BE54-9A1E7A4F7556}") = "DMS.Auth", "DMS.Core\DMS.Auth\DMS.Auth.csproj", "{ECA30357-EF9D-403C-B7D6-7B445CF51743}"
EndProject
Project("{9A19103F-16F7-4668-BE54-9A1E7A4F7556}") = "DMS.ORM", "DMS.Core\DMS.ORM\DMS.ORM.csproj", "{3D4F8DBC-70E6-4E9A-A569-A068C2C2D0DE}"
EndProject
Project("{2150E333-8FDC-42A3-9474-1A3956D46DE8}") = "Tests", "Tests", "{40107DB4-BF27-48FA-8E64-C14129D4D756}"
EndProject
Project("{2150E333-8FDC-42A3-9474-1A3956D46DE8}") = "Service", "Service", "{22BA3154-7848-44E3-8D26-739EBF2B3ACE}"
EndProject
Project("{9A19103F-16F7-4668-BE54-9A1E7A4F7556}") = "DMS.Sample.Contracts", "..\samples\DMS.Sample.Contracts\DMS.Sample.Contracts.csproj", "{2C9D4A40-C9EA-491D-AA92-AEEBC6C706D8}"
EndProject
Project("{9A19103F-16F7-4668-BE54-9A1E7A4F7556}") = "DMS.Sample.Service", "..\samples\DMS.Sample.Service\DMS.Sample.Service.csproj", "{83B17C64-4670-4EA5-A476-6B549493D164}"
EndProject
Project("{9A19103F-16F7-4668-BE54-9A1E7A4F7556}") = "DMS.Sample.Api", "..\samples\DMS.Sample.Api\DMS.Sample.Api.csproj", "{51560562-6FE1-4CEE-9C78-D7DBFA54CEB3}"
EndProject
Project("{9A19103F-16F7-4668-BE54-9A1E7A4F7556}") = "DMS.Test", "..\tests\DMS.Test\DMS.Test.csproj", "{70E132C2-132B-45D5-9447-C11CCB6CD8C5}"
EndProject
Project("{9A19103F-16F7-4668-BE54-9A1E7A4F7556}") = "DMS.Sample31.Geteway", "..\samples\DMS.Sample31.Geteway\DMS.Sample31.Geteway.csproj", "{CAF227EE-D9E1-453D-A74F-F48997661FB9}"
EndProject
Global
	GlobalSection(SolutionConfigurationPlatforms) = preSolution
		Debug|Any CPU = Debug|Any CPU
		Release|Any CPU = Release|Any CPU
	EndGlobalSection
	GlobalSection(ProjectConfigurationPlatforms) = postSolution
		{9FDB5232-1FF6-44CE-8D35-2E180093BFE7}.Debug|Any CPU.ActiveCfg = Debug|Any CPU
		{9FDB5232-1FF6-44CE-8D35-2E180093BFE7}.Debug|Any CPU.Build.0 = Debug|Any CPU
		{9FDB5232-1FF6-44CE-8D35-2E180093BFE7}.Release|Any CPU.ActiveCfg = Release|Any CPU
		{9FDB5232-1FF6-44CE-8D35-2E180093BFE7}.Release|Any CPU.Build.0 = Release|Any CPU
		{082130E4-911F-4E9F-923B-87F442D1526A}.Debug|Any CPU.ActiveCfg = Debug|Any CPU
		{082130E4-911F-4E9F-923B-87F442D1526A}.Debug|Any CPU.Build.0 = Debug|Any CPU
		{082130E4-911F-4E9F-923B-87F442D1526A}.Release|Any CPU.ActiveCfg = Release|Any CPU
		{082130E4-911F-4E9F-923B-87F442D1526A}.Release|Any CPU.Build.0 = Release|Any CPU
		{8C31637D-53E6-473A-93DE-052101575C14}.Debug|Any CPU.ActiveCfg = Debug|Any CPU
		{8C31637D-53E6-473A-93DE-052101575C14}.Debug|Any CPU.Build.0 = Debug|Any CPU
		{8C31637D-53E6-473A-93DE-052101575C14}.Release|Any CPU.ActiveCfg = Release|Any CPU
		{8C31637D-53E6-473A-93DE-052101575C14}.Release|Any CPU.Build.0 = Release|Any CPU
		{3496C05C-0955-4DA7-9003-CBFD6A138C6C}.Debug|Any CPU.ActiveCfg = Debug|Any CPU
		{3496C05C-0955-4DA7-9003-CBFD6A138C6C}.Debug|Any CPU.Build.0 = Debug|Any CPU
		{3496C05C-0955-4DA7-9003-CBFD6A138C6C}.Release|Any CPU.ActiveCfg = Release|Any CPU
		{3496C05C-0955-4DA7-9003-CBFD6A138C6C}.Release|Any CPU.Build.0 = Release|Any CPU
		{0ED0DB3A-E1BF-4F00-867C-76A6402FC524}.Debug|Any CPU.ActiveCfg = Debug|Any CPU
		{0ED0DB3A-E1BF-4F00-867C-76A6402FC524}.Debug|Any CPU.Build.0 = Debug|Any CPU
		{0ED0DB3A-E1BF-4F00-867C-76A6402FC524}.Release|Any CPU.ActiveCfg = Release|Any CPU
		{0ED0DB3A-E1BF-4F00-867C-76A6402FC524}.Release|Any CPU.Build.0 = Release|Any CPU
		{4E949F3E-6F2A-42B2-8756-6525B934864D}.Debug|Any CPU.ActiveCfg = Debug|Any CPU
		{4E949F3E-6F2A-42B2-8756-6525B934864D}.Debug|Any CPU.Build.0 = Debug|Any CPU
		{4E949F3E-6F2A-42B2-8756-6525B934864D}.Release|Any CPU.ActiveCfg = Release|Any CPU
		{4E949F3E-6F2A-42B2-8756-6525B934864D}.Release|Any CPU.Build.0 = Release|Any CPU
		{59C8A897-8F87-4E97-881E-22AEA3613DF1}.Debug|Any CPU.ActiveCfg = Debug|Any CPU
		{59C8A897-8F87-4E97-881E-22AEA3613DF1}.Debug|Any CPU.Build.0 = Debug|Any CPU
		{59C8A897-8F87-4E97-881E-22AEA3613DF1}.Release|Any CPU.ActiveCfg = Release|Any CPU
		{59C8A897-8F87-4E97-881E-22AEA3613DF1}.Release|Any CPU.Build.0 = Release|Any CPU
		{71D326C1-A7E4-4A68-96E3-9061CAE7F862}.Debug|Any CPU.ActiveCfg = Debug|Any CPU
		{71D326C1-A7E4-4A68-96E3-9061CAE7F862}.Debug|Any CPU.Build.0 = Debug|Any CPU
		{71D326C1-A7E4-4A68-96E3-9061CAE7F862}.Release|Any CPU.ActiveCfg = Release|Any CPU
		{71D326C1-A7E4-4A68-96E3-9061CAE7F862}.Release|Any CPU.Build.0 = Release|Any CPU
		{AD23CBD0-F56A-432F-937A-6AC3D41B9B32}.Debug|Any CPU.ActiveCfg = Debug|Any CPU
		{AD23CBD0-F56A-432F-937A-6AC3D41B9B32}.Debug|Any CPU.Build.0 = Debug|Any CPU
		{AD23CBD0-F56A-432F-937A-6AC3D41B9B32}.Release|Any CPU.ActiveCfg = Release|Any CPU
		{AD23CBD0-F56A-432F-937A-6AC3D41B9B32}.Release|Any CPU.Build.0 = Release|Any CPU
		{1A33DA4A-4624-4534-BAFE-D8B8894B73F1}.Debug|Any CPU.ActiveCfg = Debug|Any CPU
		{1A33DA4A-4624-4534-BAFE-D8B8894B73F1}.Debug|Any CPU.Build.0 = Debug|Any CPU
		{1A33DA4A-4624-4534-BAFE-D8B8894B73F1}.Release|Any CPU.ActiveCfg = Release|Any CPU
		{1A33DA4A-4624-4534-BAFE-D8B8894B73F1}.Release|Any CPU.Build.0 = Release|Any CPU
		{ECA30357-EF9D-403C-B7D6-7B445CF51743}.Debug|Any CPU.ActiveCfg = Debug|Any CPU
		{ECA30357-EF9D-403C-B7D6-7B445CF51743}.Debug|Any CPU.Build.0 = Debug|Any CPU
		{ECA30357-EF9D-403C-B7D6-7B445CF51743}.Release|Any CPU.ActiveCfg = Release|Any CPU
		{ECA30357-EF9D-403C-B7D6-7B445CF51743}.Release|Any CPU.Build.0 = Release|Any CPU
		{3D4F8DBC-70E6-4E9A-A569-A068C2C2D0DE}.Debug|Any CPU.ActiveCfg = Debug|Any CPU
		{3D4F8DBC-70E6-4E9A-A569-A068C2C2D0DE}.Debug|Any CPU.Build.0 = Debug|Any CPU
		{3D4F8DBC-70E6-4E9A-A569-A068C2C2D0DE}.Release|Any CPU.ActiveCfg = Release|Any CPU
		{3D4F8DBC-70E6-4E9A-A569-A068C2C2D0DE}.Release|Any CPU.Build.0 = Release|Any CPU
		{2C9D4A40-C9EA-491D-AA92-AEEBC6C706D8}.Debug|Any CPU.ActiveCfg = Debug|Any CPU
		{2C9D4A40-C9EA-491D-AA92-AEEBC6C706D8}.Debug|Any CPU.Build.0 = Debug|Any CPU
		{2C9D4A40-C9EA-491D-AA92-AEEBC6C706D8}.Release|Any CPU.ActiveCfg = Release|Any CPU
		{2C9D4A40-C9EA-491D-AA92-AEEBC6C706D8}.Release|Any CPU.Build.0 = Release|Any CPU
		{83B17C64-4670-4EA5-A476-6B549493D164}.Debug|Any CPU.ActiveCfg = Debug|Any CPU
		{83B17C64-4670-4EA5-A476-6B549493D164}.Debug|Any CPU.Build.0 = Debug|Any CPU
		{83B17C64-4670-4EA5-A476-6B549493D164}.Release|Any CPU.ActiveCfg = Release|Any CPU
		{83B17C64-4670-4EA5-A476-6B549493D164}.Release|Any CPU.Build.0 = Release|Any CPU
		{51560562-6FE1-4CEE-9C78-D7DBFA54CEB3}.Debug|Any CPU.ActiveCfg = Debug|Any CPU
		{51560562-6FE1-4CEE-9C78-D7DBFA54CEB3}.Debug|Any CPU.Build.0 = Debug|Any CPU
		{51560562-6FE1-4CEE-9C78-D7DBFA54CEB3}.Release|Any CPU.ActiveCfg = Release|Any CPU
		{51560562-6FE1-4CEE-9C78-D7DBFA54CEB3}.Release|Any CPU.Build.0 = Release|Any CPU
		{70E132C2-132B-45D5-9447-C11CCB6CD8C5}.Debug|Any CPU.ActiveCfg = Debug|Any CPU
		{70E132C2-132B-45D5-9447-C11CCB6CD8C5}.Debug|Any CPU.Build.0 = Debug|Any CPU
		{70E132C2-132B-45D5-9447-C11CCB6CD8C5}.Release|Any CPU.ActiveCfg = Release|Any CPU
		{70E132C2-132B-45D5-9447-C11CCB6CD8C5}.Release|Any CPU.Build.0 = Release|Any CPU
		{CAF227EE-D9E1-453D-A74F-F48997661FB9}.Debug|Any CPU.ActiveCfg = Debug|Any CPU
		{CAF227EE-D9E1-453D-A74F-F48997661FB9}.Debug|Any CPU.Build.0 = Debug|Any CPU
		{CAF227EE-D9E1-453D-A74F-F48997661FB9}.Release|Any CPU.ActiveCfg = Release|Any CPU
		{CAF227EE-D9E1-453D-A74F-F48997661FB9}.Release|Any CPU.Build.0 = Release|Any CPU
	EndGlobalSection
	GlobalSection(SolutionProperties) = preSolution
		HideSolutionNode = FALSE
	EndGlobalSection
	GlobalSection(NestedProjects) = preSolution
		{9FDB5232-1FF6-44CE-8D35-2E180093BFE7} = {1C95B109-849C-4205-9678-ACEB1D8D6FD9}
		{082130E4-911F-4E9F-923B-87F442D1526A} = {1C95B109-849C-4205-9678-ACEB1D8D6FD9}
		{8C31637D-53E6-473A-93DE-052101575C14} = {1C95B109-849C-4205-9678-ACEB1D8D6FD9}
		{3496C05C-0955-4DA7-9003-CBFD6A138C6C} = {1C95B109-849C-4205-9678-ACEB1D8D6FD9}
		{0ED0DB3A-E1BF-4F00-867C-76A6402FC524} = {1C95B109-849C-4205-9678-ACEB1D8D6FD9}
		{4E949F3E-6F2A-42B2-8756-6525B934864D} = {1C95B109-849C-4205-9678-ACEB1D8D6FD9}
		{59C8A897-8F87-4E97-881E-22AEA3613DF1} = {1C95B109-849C-4205-9678-ACEB1D8D6FD9}
		{71D326C1-A7E4-4A68-96E3-9061CAE7F862} = {1C95B109-849C-4205-9678-ACEB1D8D6FD9}
		{AD23CBD0-F56A-432F-937A-6AC3D41B9B32} = {1C95B109-849C-4205-9678-ACEB1D8D6FD9}
		{1A33DA4A-4624-4534-BAFE-D8B8894B73F1} = {1C95B109-849C-4205-9678-ACEB1D8D6FD9}
		{ECA30357-EF9D-403C-B7D6-7B445CF51743} = {1C95B109-849C-4205-9678-ACEB1D8D6FD9}
		{3D4F8DBC-70E6-4E9A-A569-A068C2C2D0DE} = {1C95B109-849C-4205-9678-ACEB1D8D6FD9}
		{2C9D4A40-C9EA-491D-AA92-AEEBC6C706D8} = {22BA3154-7848-44E3-8D26-739EBF2B3ACE}
		{83B17C64-4670-4EA5-A476-6B549493D164} = {22BA3154-7848-44E3-8D26-739EBF2B3ACE}
		{51560562-6FE1-4CEE-9C78-D7DBFA54CEB3} = {B54C7719-4391-47C8-835B-8B7EBB87C13E}
		{70E132C2-132B-45D5-9447-C11CCB6CD8C5} = {40107DB4-BF27-48FA-8E64-C14129D4D756}
		{CAF227EE-D9E1-453D-A74F-F48997661FB9} = {B54C7719-4391-47C8-835B-8B7EBB87C13E}
	EndGlobalSection
	GlobalSection(ExtensibilityGlobals) = postSolution
		SolutionGuid = {54BF470C-C770-4490-A77E-127E95847483}
	EndGlobalSection
EndGlobal
