
Microsoft Visual Studio Solution File, Format Version 12.00
# Visual Studio Version 16
VisualStudioVersion = 16.0.28803.156
MinimumVisualStudioVersion = 10.0.40219.1
Project("{2150E333-8FDC-42A3-9474-1A3956D46DE8}") = "DMS.Core", "DMS.Core", "{1C95B109-849C-4205-9678-ACEB1D8D6FD9}"
EndProject
Project("{9A19103F-16F7-4668-BE54-9A1E7A4F7556}") = "DMS.Autofac", "DMS.Core\DMS.Autofac\DMS.Autofac.csproj", "{9FDB5232-1FF6-44CE-8D35-2E180093BFE7}"
EndProject
Project("{9A19103F-16F7-4668-BE54-9A1E7A4F7556}") = "DMS.Exceptionless", "DMS.Core\DMS.Exceptionless\DMS.Exceptionless.csproj", "{082130E4-911F-4E9F-923B-87F442D1526A}"
EndProject
Project("{9A19103F-16F7-4668-BE54-9A1E7A4F7556}") = "DMS.Ocelot", "DMS.Core\DMS.Ocelot\DMS.Ocelot.csproj", "{8C31637D-53E6-473A-93DE-052101575C14}"
EndProject
Project("{9A19103F-16F7-4668-BE54-9A1E7A4F7556}") = "DMS.Redis", "DMS.Core\DMS.Redis\DMS.Redis.csproj", "{3496C05C-0955-4DA7-9003-CBFD6A138C6C}"
EndProject
Project("{9A19103F-16F7-4668-BE54-9A1E7A4F7556}") = "DMS.Log4net", "DMS.Core\DMS.Log4net\DMS.Log4net.csproj", "{0ED0DB3A-E1BF-4F00-867C-76A6402FC524}"
EndProject
Project("{9A19103F-16F7-4668-BE54-9A1E7A4F7556}") = "DMS.NLogs", "DMS.Core\DMS.NLogs\DMS.NLogs.csproj", "{4E949F3E-6F2A-42B2-8756-6525B934864D}"
EndProject
Project("{9A19103F-16F7-4668-BE54-9A1E7A4F7556}") = "DMS.Consul", "DMS.Core\DMS.Consul\DMS.Consul.csproj", "{59C8A897-8F87-4E97-881E-22AEA3613DF1}"
EndProject
Project("{2150E333-8FDC-42A3-9474-1A3956D46DE8}") = "Samples", "Samples", "{B54C7719-4391-47C8-835B-8B7EBB87C13E}"
EndProject
Project("{9A19103F-16F7-4668-BE54-9A1E7A4F7556}") = "DMS.Swagger", "DMS.Core\DMS.Swagger\DMS.Swagger.csproj", "{71D326C1-A7E4-4A68-96E3-9061CAE7F862}"
EndProject
Project("{9A19103F-16F7-4668-BE54-9A1E7A4F7556}") = "DMS.Sample31.Contracts", "..\samples\netcore3.1-api\DMS.Sample31.Contracts\DMS.Sample31.Contracts.csproj", "{8A5B589E-E80D-44B6-967A-6B3F282C52D4}"
EndProject
Project("{9A19103F-16F7-4668-BE54-9A1E7A4F7556}") = "DMS.Sample31.Service", "..\samples\netcore3.1-api\DMS.Sample31.Service\DMS.Sample31.Service.csproj", "{4B452955-E911-4FDD-9E72-D03A03D03088}"
EndProject
Project("{9A19103F-16F7-4668-BE54-9A1E7A4F7556}") = "DMS.Sample50", "..\samples\netcore5.0-api\DMS.Sample50\DMS.Sample50.csproj", "{1812F3FF-D8CE-4E9B-AD3D-5E3EAC8ADC1F}"
EndProject
Project("{9A19103F-16F7-4668-BE54-9A1E7A4F7556}") = "DMS.XUnitTest", "..\samples\netcore5.0-unittest\DMS.XUnitTest\DMS.XUnitTest.csproj", "{0DFC8082-754F-4E58-A31A-CD75AA665DFD}"
EndProject
Project("{FAE04EC0-301F-11D3-BF4B-00C04F79EFBC}") = "DMS.Sample461", "..\samples\netfx461-api\DMS.Sample461\DMS.Sample461.csproj", "{9CEF6E3A-41C6-4BE6-8EF4-7F625AB644FE}"
EndProject
Project("{9A19103F-16F7-4668-BE54-9A1E7A4F7556}") = "DMS.UniqueGenerator", "DMS.Core\DMS.UniqueGenerator\DMS.UniqueGenerator.csproj", "{AD23CBD0-F56A-432F-937A-6AC3D41B9B32}"
EndProject
Project("{2150E333-8FDC-42A3-9474-1A3956D46DE8}") = "0.DMS.Netfx", "0.DMS.Netfx", "{C2243DB8-2D54-469E-8C89-B40D516116A6}"
EndProject
Project("{9A19103F-16F7-4668-BE54-9A1E7A4F7556}") = "DMS.Log4netfx", "DMS.Netfx\DMS.Log4netfx\DMS.Log4netfx.csproj", "{D492B3B6-76AA-4086-8A56-A5961342E13E}"
EndProject
Project("{9A19103F-16F7-4668-BE54-9A1E7A4F7556}") = "DMS.Redisnetfx", "DMS.Netfx\DMS.Redisnetfx\DMS.Redisnetfx.csproj", "{C7540EA8-EA1B-4A0A-A0A6-2B9FDBD7E473}"
EndProject
Project("{9A19103F-16F7-4668-BE54-9A1E7A4F7556}") = "DMS.Sample31.Api", "..\samples\netcore3.1-api\DMS.Sample31.Api\DMS.Sample31.Api.csproj", "{EA5AEA2B-1FEB-4DAE-A67E-32AC4F0E8EDB}"
EndProject
Project("{9A19103F-16F7-4668-BE54-9A1E7A4F7556}") = "DMS.Extensions", "DMS.Core\DMS.Extensions\DMS.Extensions.csproj", "{1A33DA4A-4624-4534-BAFE-D8B8894B73F1}"
EndProject
Project("{9A19103F-16F7-4668-BE54-9A1E7A4F7556}") = "DMS.Auth", "DMS.Core\DMS.Auth\DMS.Auth.csproj", "{ECA30357-EF9D-403C-B7D6-7B445CF51743}"
EndProject
Project("{9A19103F-16F7-4668-BE54-9A1E7A4F7556}") = "DMS.Sample31.Geteway", "..\samples\netcore3.1-api\DMS.Sample31.Geteway\DMS.Sample31.Geteway.csproj", "{67DF92A6-4B84-4268-A4F6-1C98C3FDE8A9}"
EndProject
Project("{FAE04EC0-301F-11D3-BF4B-00C04F79EFBC}") = "DMS.ORM", "DMS.Core\DMS.ORM\DMS.ORM.csproj", "{3D4F8DBC-70E6-4E9A-A569-A068C2C2D0DE}"
EndProject
Global
	GlobalSection(SolutionConfigurationPlatforms) = preSolution
		Debug|Any CPU = Debug|Any CPU
		Release|Any CPU = Release|Any CPU
	EndGlobalSection
	GlobalSection(ProjectConfigurationPlatforms) = postSolution
		{9FDB5232-1FF6-44CE-8D35-2E180093BFE7}.Debug|Any CPU.ActiveCfg = Debug|Any CPU
		{9FDB5232-1FF6-44CE-8D35-2E180093BFE7}.Debug|Any CPU.Build.0 = Debug|Any CPU
		{9FDB5232-1FF6-44CE-8D35-2E180093BFE7}.Release|Any CPU.ActiveCfg = Release|Any CPU
		{9FDB5232-1FF6-44CE-8D35-2E180093BFE7}.Release|Any CPU.Build.0 = Release|Any CPU
		{082130E4-911F-4E9F-923B-87F442D1526A}.Debug|Any CPU.ActiveCfg = Debug|Any CPU
		{082130E4-911F-4E9F-923B-87F442D1526A}.Debug|Any CPU.Build.0 = Debug|Any CPU
		{082130E4-911F-4E9F-923B-87F442D1526A}.Release|Any CPU.ActiveCfg = Release|Any CPU
		{082130E4-911F-4E9F-923B-87F442D1526A}.Release|Any CPU.Build.0 = Release|Any CPU
		{8C31637D-53E6-473A-93DE-052101575C14}.Debug|Any CPU.ActiveCfg = Debug|Any CPU
		{8C31637D-53E6-473A-93DE-052101575C14}.Debug|Any CPU.Build.0 = Debug|Any CPU
		{8C31637D-53E6-473A-93DE-052101575C14}.Release|Any CPU.ActiveCfg = Release|Any CPU
		{8C31637D-53E6-473A-93DE-052101575C14}.Release|Any CPU.Build.0 = Release|Any CPU
		{3496C05C-0955-4DA7-9003-CBFD6A138C6C}.Debug|Any CPU.ActiveCfg = Debug|Any CPU
		{3496C05C-0955-4DA7-9003-CBFD6A138C6C}.Debug|Any CPU.Build.0 = Debug|Any CPU
		{3496C05C-0955-4DA7-9003-CBFD6A138C6C}.Release|Any CPU.ActiveCfg = Release|Any CPU
		{3496C05C-0955-4DA7-9003-CBFD6A138C6C}.Release|Any CPU.Build.0 = Release|Any CPU
		{0ED0DB3A-E1BF-4F00-867C-76A6402FC524}.Debug|Any CPU.ActiveCfg = Debug|Any CPU
		{0ED0DB3A-E1BF-4F00-867C-76A6402FC524}.Debug|Any CPU.Build.0 = Debug|Any CPU
		{0ED0DB3A-E1BF-4F00-867C-76A6402FC524}.Release|Any CPU.ActiveCfg = Release|Any CPU
		{0ED0DB3A-E1BF-4F00-867C-76A6402FC524}.Release|Any CPU.Build.0 = Release|Any CPU
		{4E949F3E-6F2A-42B2-8756-6525B934864D}.Debug|Any CPU.ActiveCfg = Debug|Any CPU
		{4E949F3E-6F2A-42B2-8756-6525B934864D}.Debug|Any CPU.Build.0 = Debug|Any CPU
		{4E949F3E-6F2A-42B2-8756-6525B934864D}.Release|Any CPU.ActiveCfg = Release|Any CPU
		{4E949F3E-6F2A-42B2-8756-6525B934864D}.Release|Any CPU.Build.0 = Release|Any CPU
		{59C8A897-8F87-4E97-881E-22AEA3613DF1}.Debug|Any CPU.ActiveCfg = Debug|Any CPU
		{59C8A897-8F87-4E97-881E-22AEA3613DF1}.Debug|Any CPU.Build.0 = Debug|Any CPU
		{59C8A897-8F87-4E97-881E-22AEA3613DF1}.Release|Any CPU.ActiveCfg = Release|Any CPU
		{59C8A897-8F87-4E97-881E-22AEA3613DF1}.Release|Any CPU.Build.0 = Release|Any CPU
		{71D326C1-A7E4-4A68-96E3-9061CAE7F862}.Debug|Any CPU.ActiveCfg = Debug|Any CPU
		{71D326C1-A7E4-4A68-96E3-9061CAE7F862}.Debug|Any CPU.Build.0 = Debug|Any CPU
		{71D326C1-A7E4-4A68-96E3-9061CAE7F862}.Release|Any CPU.ActiveCfg = Release|Any CPU
		{71D326C1-A7E4-4A68-96E3-9061CAE7F862}.Release|Any CPU.Build.0 = Release|Any CPU
		{8A5B589E-E80D-44B6-967A-6B3F282C52D4}.Debug|Any CPU.ActiveCfg = Debug|Any CPU
		{8A5B589E-E80D-44B6-967A-6B3F282C52D4}.Debug|Any CPU.Build.0 = Debug|Any CPU
		{8A5B589E-E80D-44B6-967A-6B3F282C52D4}.Release|Any CPU.ActiveCfg = Release|Any CPU
		{8A5B589E-E80D-44B6-967A-6B3F282C52D4}.Release|Any CPU.Build.0 = Release|Any CPU
		{4B452955-E911-4FDD-9E72-D03A03D03088}.Debug|Any CPU.ActiveCfg = Debug|Any CPU
		{4B452955-E911-4FDD-9E72-D03A03D03088}.Debug|Any CPU.Build.0 = Debug|Any CPU
		{4B452955-E911-4FDD-9E72-D03A03D03088}.Release|Any CPU.ActiveCfg = Release|Any CPU
		{4B452955-E911-4FDD-9E72-D03A03D03088}.Release|Any CPU.Build.0 = Release|Any CPU
		{1812F3FF-D8CE-4E9B-AD3D-5E3EAC8ADC1F}.Debug|Any CPU.ActiveCfg = Debug|Any CPU
		{1812F3FF-D8CE-4E9B-AD3D-5E3EAC8ADC1F}.Debug|Any CPU.Build.0 = Debug|Any CPU
		{1812F3FF-D8CE-4E9B-AD3D-5E3EAC8ADC1F}.Release|Any CPU.ActiveCfg = Release|Any CPU
		{1812F3FF-D8CE-4E9B-AD3D-5E3EAC8ADC1F}.Release|Any CPU.Build.0 = Release|Any CPU
		{0DFC8082-754F-4E58-A31A-CD75AA665DFD}.Debug|Any CPU.ActiveCfg = Debug|Any CPU
		{0DFC8082-754F-4E58-A31A-CD75AA665DFD}.Debug|Any CPU.Build.0 = Debug|Any CPU
		{0DFC8082-754F-4E58-A31A-CD75AA665DFD}.Release|Any CPU.ActiveCfg = Release|Any CPU
		{0DFC8082-754F-4E58-A31A-CD75AA665DFD}.Release|Any CPU.Build.0 = Release|Any CPU
		{9CEF6E3A-41C6-4BE6-8EF4-7F625AB644FE}.Debug|Any CPU.ActiveCfg = Debug|Any CPU
		{9CEF6E3A-41C6-4BE6-8EF4-7F625AB644FE}.Debug|Any CPU.Build.0 = Debug|Any CPU
		{9CEF6E3A-41C6-4BE6-8EF4-7F625AB644FE}.Release|Any CPU.ActiveCfg = Release|Any CPU
		{9CEF6E3A-41C6-4BE6-8EF4-7F625AB644FE}.Release|Any CPU.Build.0 = Release|Any CPU
		{AD23CBD0-F56A-432F-937A-6AC3D41B9B32}.Debug|Any CPU.ActiveCfg = Debug|Any CPU
		{AD23CBD0-F56A-432F-937A-6AC3D41B9B32}.Debug|Any CPU.Build.0 = Debug|Any CPU
		{AD23CBD0-F56A-432F-937A-6AC3D41B9B32}.Release|Any CPU.ActiveCfg = Release|Any CPU
		{AD23CBD0-F56A-432F-937A-6AC3D41B9B32}.Release|Any CPU.Build.0 = Release|Any CPU
		{D492B3B6-76AA-4086-8A56-A5961342E13E}.Debug|Any CPU.ActiveCfg = Debug|Any CPU
		{D492B3B6-76AA-4086-8A56-A5961342E13E}.Debug|Any CPU.Build.0 = Debug|Any CPU
		{D492B3B6-76AA-4086-8A56-A5961342E13E}.Release|Any CPU.ActiveCfg = Release|Any CPU
		{D492B3B6-76AA-4086-8A56-A5961342E13E}.Release|Any CPU.Build.0 = Release|Any CPU
		{C7540EA8-EA1B-4A0A-A0A6-2B9FDBD7E473}.Debug|Any CPU.ActiveCfg = Debug|Any CPU
		{C7540EA8-EA1B-4A0A-A0A6-2B9FDBD7E473}.Debug|Any CPU.Build.0 = Debug|Any CPU
		{C7540EA8-EA1B-4A0A-A0A6-2B9FDBD7E473}.Release|Any CPU.ActiveCfg = Release|Any CPU
		{C7540EA8-EA1B-4A0A-A0A6-2B9FDBD7E473}.Release|Any CPU.Build.0 = Release|Any CPU
		{EA5AEA2B-1FEB-4DAE-A67E-32AC4F0E8EDB}.Debug|Any CPU.ActiveCfg = Debug|Any CPU
		{EA5AEA2B-1FEB-4DAE-A67E-32AC4F0E8EDB}.Debug|Any CPU.Build.0 = Debug|Any CPU
		{EA5AEA2B-1FEB-4DAE-A67E-32AC4F0E8EDB}.Release|Any CPU.ActiveCfg = Release|Any CPU
		{EA5AEA2B-1FEB-4DAE-A67E-32AC4F0E8EDB}.Release|Any CPU.Build.0 = Release|Any CPU
		{1A33DA4A-4624-4534-BAFE-D8B8894B73F1}.Debug|Any CPU.ActiveCfg = Debug|Any CPU
		{1A33DA4A-4624-4534-BAFE-D8B8894B73F1}.Debug|Any CPU.Build.0 = Debug|Any CPU
		{1A33DA4A-4624-4534-BAFE-D8B8894B73F1}.Release|Any CPU.ActiveCfg = Release|Any CPU
		{1A33DA4A-4624-4534-BAFE-D8B8894B73F1}.Release|Any CPU.Build.0 = Release|Any CPU
		{ECA30357-EF9D-403C-B7D6-7B445CF51743}.Debug|Any CPU.ActiveCfg = Debug|Any CPU
		{ECA30357-EF9D-403C-B7D6-7B445CF51743}.Debug|Any CPU.Build.0 = Debug|Any CPU
		{ECA30357-EF9D-403C-B7D6-7B445CF51743}.Release|Any CPU.ActiveCfg = Release|Any CPU
		{ECA30357-EF9D-403C-B7D6-7B445CF51743}.Release|Any CPU.Build.0 = Release|Any CPU
		{67DF92A6-4B84-4268-A4F6-1C98C3FDE8A9}.Debug|Any CPU.ActiveCfg = Debug|Any CPU
		{67DF92A6-4B84-4268-A4F6-1C98C3FDE8A9}.Debug|Any CPU.Build.0 = Debug|Any CPU
		{67DF92A6-4B84-4268-A4F6-1C98C3FDE8A9}.Release|Any CPU.ActiveCfg = Release|Any CPU
		{67DF92A6-4B84-4268-A4F6-1C98C3FDE8A9}.Release|Any CPU.Build.0 = Release|Any CPU
		{3D4F8DBC-70E6-4E9A-A569-A068C2C2D0DE}.Debug|Any CPU.ActiveCfg = Debug|Any CPU
		{3D4F8DBC-70E6-4E9A-A569-A068C2C2D0DE}.Debug|Any CPU.Build.0 = Debug|Any CPU
		{3D4F8DBC-70E6-4E9A-A569-A068C2C2D0DE}.Release|Any CPU.ActiveCfg = Release|Any CPU
		{3D4F8DBC-70E6-4E9A-A569-A068C2C2D0DE}.Release|Any CPU.Build.0 = Release|Any CPU
	EndGlobalSection
	GlobalSection(SolutionProperties) = preSolution
		HideSolutionNode = FALSE
	EndGlobalSection
	GlobalSection(NestedProjects) = preSolution
		{9FDB5232-1FF6-44CE-8D35-2E180093BFE7} = {1C95B109-849C-4205-9678-ACEB1D8D6FD9}
		{082130E4-911F-4E9F-923B-87F442D1526A} = {1C95B109-849C-4205-9678-ACEB1D8D6FD9}
		{8C31637D-53E6-473A-93DE-052101575C14} = {1C95B109-849C-4205-9678-ACEB1D8D6FD9}
		{3496C05C-0955-4DA7-9003-CBFD6A138C6C} = {1C95B109-849C-4205-9678-ACEB1D8D6FD9}
		{0ED0DB3A-E1BF-4F00-867C-76A6402FC524} = {1C95B109-849C-4205-9678-ACEB1D8D6FD9}
		{4E949F3E-6F2A-42B2-8756-6525B934864D} = {1C95B109-849C-4205-9678-ACEB1D8D6FD9}
		{59C8A897-8F87-4E97-881E-22AEA3613DF1} = {1C95B109-849C-4205-9678-ACEB1D8D6FD9}
		{71D326C1-A7E4-4A68-96E3-9061CAE7F862} = {1C95B109-849C-4205-9678-ACEB1D8D6FD9}
		{8A5B589E-E80D-44B6-967A-6B3F282C52D4} = {B54C7719-4391-47C8-835B-8B7EBB87C13E}
		{4B452955-E911-4FDD-9E72-D03A03D03088} = {B54C7719-4391-47C8-835B-8B7EBB87C13E}
		{1812F3FF-D8CE-4E9B-AD3D-5E3EAC8ADC1F} = {B54C7719-4391-47C8-835B-8B7EBB87C13E}
		{0DFC8082-754F-4E58-A31A-CD75AA665DFD} = {B54C7719-4391-47C8-835B-8B7EBB87C13E}
		{9CEF6E3A-41C6-4BE6-8EF4-7F625AB644FE} = {B54C7719-4391-47C8-835B-8B7EBB87C13E}
		{AD23CBD0-F56A-432F-937A-6AC3D41B9B32} = {1C95B109-849C-4205-9678-ACEB1D8D6FD9}
		{D492B3B6-76AA-4086-8A56-A5961342E13E} = {C2243DB8-2D54-469E-8C89-B40D516116A6}
		{C7540EA8-EA1B-4A0A-A0A6-2B9FDBD7E473} = {C2243DB8-2D54-469E-8C89-B40D516116A6}
		{EA5AEA2B-1FEB-4DAE-A67E-32AC4F0E8EDB} = {B54C7719-4391-47C8-835B-8B7EBB87C13E}
		{1A33DA4A-4624-4534-BAFE-D8B8894B73F1} = {1C95B109-849C-4205-9678-ACEB1D8D6FD9}
		{ECA30357-EF9D-403C-B7D6-7B445CF51743} = {1C95B109-849C-4205-9678-ACEB1D8D6FD9}
		{67DF92A6-4B84-4268-A4F6-1C98C3FDE8A9} = {B54C7719-4391-47C8-835B-8B7EBB87C13E}
		{3D4F8DBC-70E6-4E9A-A569-A068C2C2D0DE} = {1C95B109-849C-4205-9678-ACEB1D8D6FD9}
	EndGlobalSection
	GlobalSection(ExtensibilityGlobals) = postSolution
		SolutionGuid = {54BF470C-C770-4490-A77E-127E95847483}
	EndGlobalSection
EndGlobal
